
Microsoft Visual Studio Solution File, Format Version 12.00
# Visual Studio Version 17
VisualStudioVersion = 17.5.33502.453
MinimumVisualStudioVersion = 10.0.40219.1
Project("{FAE04EC0-301F-11D3-BF4B-00C04F79EFBC}") = "RotatePDFPage", "RotatePDFPage\RotatePDFPage.csproj", "{A65F8D4E-A714-47B1-BA7E-13133310B306}"
EndProject
Global
	GlobalSection(SolutionConfigurationPlatforms) = preSolution
		Debug|Any CPU = Debug|Any CPU
		Release|Any CPU = Release|Any CPU
	EndGlobalSection
	GlobalSection(ProjectConfigurationPlatforms) = postSolution
		{A65F8D4E-A714-47B1-BA7E-13133310B306}.Debug|Any CPU.ActiveCfg = Debug|Any CPU
		{A65F8D4E-A714-47B1-BA7E-13133310B306}.Debug|Any CPU.Build.0 = Debug|Any CPU
		{A65F8D4E-A714-47B1-BA7E-13133310B306}.Release|Any CPU.ActiveCfg = Release|Any CPU
		{A65F8D4E-A714-47B1-BA7E-13133310B306}.Release|Any CPU.Build.0 = Release|Any CPU
	EndGlobalSection
	GlobalSection(SolutionProperties) = preSolution
		HideSolutionNode = FALSE
	EndGlobalSection
	GlobalSection(ExtensibilityGlobals) = postSolution
		SolutionGuid = {94774311-868C-4067-B6FB-5068B0A22C7D}
	EndGlobalSection
EndGlobal
